
Microsoft Visual Studio Solution File, Format Version 11.00
# Visual C# Express 2010
Project("{FAE04EC0-301F-11D3-BF4B-00C04F79EFBC}") = "Compress", "Compress\Compress.csproj", "{177A8F9D-9CAF-4961-A654-353C9DD18558}"
EndProject
Global
	GlobalSection(SolutionConfigurationPlatforms) = preSolution
		Debug|x86 = Debug|x86
		Release|x86 = Release|x86
	EndGlobalSection
	GlobalSection(ProjectConfigurationPlatforms) = postSolution
		{177A8F9D-9CAF-4961-A654-353C9DD18558}.Debug|x86.ActiveCfg = Debug|x86
		{177A8F9D-9CAF-4961-A654-353C9DD18558}.Debug|x86.Build.0 = Debug|x86
		{177A8F9D-9CAF-4961-A654-353C9DD18558}.Release|x86.ActiveCfg = Release|x86
		{177A8F9D-9CAF-4961-A654-353C9DD18558}.Release|x86.Build.0 = Release|x86
	EndGlobalSection
	GlobalSection(SolutionProperties) = preSolution
		HideSolutionNode = FALSE
	EndGlobalSection
EndGlobal
